
Microsoft Visual Studio Solution File, Format Version 12.00
# Visual Studio Version 16
VisualStudioVersion = 16.0.29306.81
MinimumVisualStudioVersion = 10.0.40219.1
Project("{FAE04EC0-301F-11D3-BF4B-00C04F79EFBC}") = "ConsoleApp2", "ConsoleApp2\ConsoleApp2.csproj", "{77E0D167-052A-4310-9B02-4EECDDEF4676}"
EndProject
Global
	GlobalSection(SolutionConfigurationPlatforms) = preSolution
		Debug|Any CPU = Debug|Any CPU
		Release|Any CPU = Release|Any CPU
	EndGlobalSection
	GlobalSection(ProjectConfigurationPlatforms) = postSolution
		{77E0D167-052A-4310-9B02-4EECDDEF4676}.Debug|Any CPU.ActiveCfg = Debug|Any CPU
		{77E0D167-052A-4310-9B02-4EECDDEF4676}.Debug|Any CPU.Build.0 = Debug|Any CPU
		{77E0D167-052A-4310-9B02-4EECDDEF4676}.Release|Any CPU.ActiveCfg = Release|Any CPU
		{77E0D167-052A-4310-9B02-4EECDDEF4676}.Release|Any CPU.Build.0 = Release|Any CPU
	EndGlobalSection
	GlobalSection(SolutionProperties) = preSolution
		HideSolutionNode = FALSE
	EndGlobalSection
	GlobalSection(ExtensibilityGlobals) = postSolution
		SolutionGuid = {5D4B90F5-C723-4833-B4AC-62E794A90FA0}
	EndGlobalSection
EndGlobal
